
Microsoft Visual Studio Solution File, Format Version 12.00
# Visual Studio Version 17
VisualStudioVersion = 17.6.33829.357
MinimumVisualStudioVersion = 10.0.40219.1
Project("{9A19103F-16F7-4668-BE54-9A1E7A4F7556}") = "ToDoList.PL", "ToDoList.PL\ToDoList.PL.csproj", "{1F5F6005-7C9B-4C0E-8CB9-B7A12E4D58A1}"
EndProject
Project("{9A19103F-16F7-4668-BE54-9A1E7A4F7556}") = "DataAccessLayer", "DataAccessLayer\DataAccessLayer.csproj", "{CC479B80-E12B-4103-8188-C8A86A9BD9AB}"
EndProject
Project("{9A19103F-16F7-4668-BE54-9A1E7A4F7556}") = "BresentationLogicLayer", "BresentationLogicLayer\BresentationLogicLayer.csproj", "{254A00C5-CB2C-4AAC-8332-CABF90243887}"
EndProject
Global
	GlobalSection(SolutionConfigurationPlatforms) = preSolution
		Debug|Any CPU = Debug|Any CPU
		Release|Any CPU = Release|Any CPU
	EndGlobalSection
	GlobalSection(ProjectConfigurationPlatforms) = postSolution
		{1F5F6005-7C9B-4C0E-8CB9-B7A12E4D58A1}.Debug|Any CPU.ActiveCfg = Debug|Any CPU
		{1F5F6005-7C9B-4C0E-8CB9-B7A12E4D58A1}.Debug|Any CPU.Build.0 = Debug|Any CPU
		{1F5F6005-7C9B-4C0E-8CB9-B7A12E4D58A1}.Release|Any CPU.ActiveCfg = Release|Any CPU
		{1F5F6005-7C9B-4C0E-8CB9-B7A12E4D58A1}.Release|Any CPU.Build.0 = Release|Any CPU
		{CC479B80-E12B-4103-8188-C8A86A9BD9AB}.Debug|Any CPU.ActiveCfg = Debug|Any CPU
		{CC479B80-E12B-4103-8188-C8A86A9BD9AB}.Debug|Any CPU.Build.0 = Debug|Any CPU
		{CC479B80-E12B-4103-8188-C8A86A9BD9AB}.Release|Any CPU.ActiveCfg = Release|Any CPU
		{CC479B80-E12B-4103-8188-C8A86A9BD9AB}.Release|Any CPU.Build.0 = Release|Any CPU
		{254A00C5-CB2C-4AAC-8332-CABF90243887}.Debug|Any CPU.ActiveCfg = Debug|Any CPU
		{254A00C5-CB2C-4AAC-8332-CABF90243887}.Debug|Any CPU.Build.0 = Debug|Any CPU
		{254A00C5-CB2C-4AAC-8332-CABF90243887}.Release|Any CPU.ActiveCfg = Release|Any CPU
		{254A00C5-CB2C-4AAC-8332-CABF90243887}.Release|Any CPU.Build.0 = Release|Any CPU
	EndGlobalSection
	GlobalSection(SolutionProperties) = preSolution
		HideSolutionNode = FALSE
	EndGlobalSection
	GlobalSection(ExtensibilityGlobals) = postSolution
		SolutionGuid = {0E63C855-BE07-4892-9271-86E5E32CC811}
	EndGlobalSection
EndGlobal
